
Microsoft Visual Studio Solution File, Format Version 12.00
# Visual Studio Version 17
VisualStudioVersion = 17.0.31903.59
MinimumVisualStudioVersion = 10.0.40219.1
Project("{2150E333-8FDC-42A3-9474-1A3956D46DE8}") = "src", "src", "{8E47FEBD-244C-41C0-A903-73520B5BCB10}"
EndProject
Project("{FAE04EC0-301F-11D3-BF4B-00C04F79EFBC}") = "AppHost", "src\AppHost\AppHost.csproj", "{8B8331A8-C730-41E0-A2A7-F4D097437828}"
EndProject
Project("{FAE04EC0-301F-11D3-BF4B-00C04F79EFBC}") = "ServiceDefaults", "src\ServiceDefaults\ServiceDefaults.csproj", "{BB7E370B-D436-4FFF-9F6A-4880AD811C22}"
EndProject
Global
	GlobalSection(SolutionConfigurationPlatforms) = preSolution
		Debug|Any CPU = Debug|Any CPU
		Release|Any CPU = Release|Any CPU
	EndGlobalSection
	GlobalSection(SolutionProperties) = preSolution
		HideSolutionNode = FALSE
	EndGlobalSection
	GlobalSection(ProjectConfigurationPlatforms) = postSolution
		{8B8331A8-C730-41E0-A2A7-F4D097437828}.Debug|Any CPU.ActiveCfg = Debug|Any CPU
		{8B8331A8-C730-41E0-A2A7-F4D097437828}.Debug|Any CPU.Build.0 = Debug|Any CPU
		{8B8331A8-C730-41E0-A2A7-F4D097437828}.Release|Any CPU.ActiveCfg = Release|Any CPU
		{8B8331A8-C730-41E0-A2A7-F4D097437828}.Release|Any CPU.Build.0 = Release|Any CPU
		{BB7E370B-D436-4FFF-9F6A-4880AD811C22}.Debug|Any CPU.ActiveCfg = Debug|Any CPU
		{BB7E370B-D436-4FFF-9F6A-4880AD811C22}.Debug|Any CPU.Build.0 = Debug|Any CPU
		{BB7E370B-D436-4FFF-9F6A-4880AD811C22}.Release|Any CPU.ActiveCfg = Release|Any CPU
		{BB7E370B-D436-4FFF-9F6A-4880AD811C22}.Release|Any CPU.Build.0 = Release|Any CPU
	EndGlobalSection
	GlobalSection(NestedProjects) = preSolution
		{8B8331A8-C730-41E0-A2A7-F4D097437828} = {8E47FEBD-244C-41C0-A903-73520B5BCB10}
		{BB7E370B-D436-4FFF-9F6A-4880AD811C22} = {8E47FEBD-244C-41C0-A903-73520B5BCB10}
	EndGlobalSection
EndGlobal
