
Microsoft Visual Studio Solution File, Format Version 12.00
# Visual Studio Version 17
VisualStudioVersion = 17.0.31903.59
MinimumVisualStudioVersion = 10.0.40219.1
Project("{2150E333-8FDC-42A3-9474-1A3956D46DE8}") = "src", "src", "{8E47FEBD-244C-41C0-A903-73520B5BCB10}"
EndProject
Project("{FAE04EC0-301F-11D3-BF4B-00C04F79EFBC}") = "AppHost", "src\AppHost\AppHost.csproj", "{8B8331A8-C730-41E0-A2A7-F4D097437828}"
EndProject
Project("{FAE04EC0-301F-11D3-BF4B-00C04F79EFBC}") = "ServiceDefaults", "src\ServiceDefaults\ServiceDefaults.csproj", "{BB7E370B-D436-4FFF-9F6A-4880AD811C22}"
EndProject
Project("{2150E333-8FDC-42A3-9474-1A3956D46DE8}") = "Product", "Product", "{B5E4E952-DBA8-4312-871C-4A31CD27B6C6}"
EndProject
Project("{FAE04EC0-301F-11D3-BF4B-00C04F79EFBC}") = "Product.Api", "src\Product\Api\Product.Api.csproj", "{F2744579-1650-4E50-B1C4-1498E9BE4C72}"
EndProject
Project("{FAE04EC0-301F-11D3-BF4B-00C04F79EFBC}") = "Application", "src\Product\Application\Application.csproj", "{6F55F7AF-01BC-4B04-AAEB-F3DADE7E0B84}"
EndProject
Project("{FAE04EC0-301F-11D3-BF4B-00C04F79EFBC}") = "Domain", "src\Product\Domain\Domain.csproj", "{39435C3E-4FE3-45AB-8943-D85DA4833C55}"
EndProject
Project("{FAE04EC0-301F-11D3-BF4B-00C04F79EFBC}") = "Infrastructure", "src\Product\Infrastructure\Infrastructure.csproj", "{D02D629D-25D1-48DB-9EE1-942081E3F142}"
EndProject
Project("{FAE04EC0-301F-11D3-BF4B-00C04F79EFBC}") = "AppHost.Shared", "src\AppHost.Shared\AppHost.Shared.csproj", "{AFC43C7B-603B-4A4C-AC14-863B79E61EE2}"
EndProject
Project("{FAE04EC0-301F-11D3-BF4B-00C04F79EFBC}") = "Domain.Shared", "src\Domain.Shared\Domain.Shared.csproj", "{09FC465C-5758-46BA-992C-4C91DBF524B2}"
EndProject
Project("{FAE04EC0-301F-11D3-BF4B-00C04F79EFBC}") = "MigrationService", "src\MigrationService\MigrationService.csproj", "{325822CC-79AF-46F6-8D17-45E7E72DAAB6}"
EndProject
Project("{FAE04EC0-301F-11D3-BF4B-00C04F79EFBC}") = "Constract", "src\Product\Constract\Constract.csproj", "{DFDFE91F-B9ED-4F7A-BD04-E32D3946D51A}"
EndProject
Project("{FAE04EC0-301F-11D3-BF4B-00C04F79EFBC}") = "ApiGateway", "src\ApiGateway\ApiGateway.csproj", "{50549EE8-8516-4C77-B586-60C1DD07B14F}"
EndProject
Project("{2150E333-8FDC-42A3-9474-1A3956D46DE8}") = "Cart", "Cart", "{59C0AC13-706A-49D6-8FD6-DC5F975070FF}"
EndProject
Project("{FAE04EC0-301F-11D3-BF4B-00C04F79EFBC}") = "Api", "src\Cart\Api\Api.csproj", "{67DE102E-1366-4B0E-832D-5DB1EC0FB116}"
EndProject
Project("{FAE04EC0-301F-11D3-BF4B-00C04F79EFBC}") = "Domain", "src\Cart\Domain\Domain.csproj", "{9DA0DAB8-1BB5-45B6-959B-C39A4D8EBE33}"
EndProject
Project("{FAE04EC0-301F-11D3-BF4B-00C04F79EFBC}") = "Application", "src\Cart\Application\Application.csproj", "{E1318C0C-F543-479B-9B5A-FF2137867E29}"
EndProject
Project("{FAE04EC0-301F-11D3-BF4B-00C04F79EFBC}") = "Infrastructure", "src\Cart\Infrastructure\Infrastructure.csproj", "{BAE09740-4979-4CA4-8FB5-7ED43D6BA0BC}"
EndProject
Project("{2150E333-8FDC-42A3-9474-1A3956D46DE8}") = "Customer", "Customer", "{A5E529AF-8D91-4828-891C-B087B8DFEFEC}"
EndProject
Project("{FAE04EC0-301F-11D3-BF4B-00C04F79EFBC}") = "CustomerService", "src\Customer\CustomerService\CustomerService.csproj", "{0764EF3C-D5AB-4B45-BF07-021624EFD0D5}"
EndProject
Project("{FAE04EC0-301F-11D3-BF4B-00C04F79EFBC}") = "UserService", "src\UserService\UserService.csproj", "{6D16035B-3C13-4687-AE4F-36FB4182F0F7}"
EndProject
Project("{FAE04EC0-301F-11D3-BF4B-00C04F79EFBC}") = "MerchantService", "src\MerchantService\MerchantService.csproj", "{C2A19F97-1BDF-4403-AF47-6274CD0F7E3E}"
EndProject
Project("{FAE04EC0-301F-11D3-BF4B-00C04F79EFBC}") = "MediaService", "src\MediaService\MediaService.csproj", "{C4AB65CA-3BAC-4145-BDF7-4D9EB4024847}"
EndProject
Global
	GlobalSection(SolutionConfigurationPlatforms) = preSolution
		Debug|Any CPU = Debug|Any CPU
		Release|Any CPU = Release|Any CPU
	EndGlobalSection
	GlobalSection(ProjectConfigurationPlatforms) = postSolution
		{8B8331A8-C730-41E0-A2A7-F4D097437828}.Debug|Any CPU.ActiveCfg = Debug|Any CPU
		{8B8331A8-C730-41E0-A2A7-F4D097437828}.Debug|Any CPU.Build.0 = Debug|Any CPU
		{8B8331A8-C730-41E0-A2A7-F4D097437828}.Release|Any CPU.ActiveCfg = Release|Any CPU
		{8B8331A8-C730-41E0-A2A7-F4D097437828}.Release|Any CPU.Build.0 = Release|Any CPU
		{BB7E370B-D436-4FFF-9F6A-4880AD811C22}.Debug|Any CPU.ActiveCfg = Debug|Any CPU
		{BB7E370B-D436-4FFF-9F6A-4880AD811C22}.Debug|Any CPU.Build.0 = Debug|Any CPU
		{BB7E370B-D436-4FFF-9F6A-4880AD811C22}.Release|Any CPU.ActiveCfg = Release|Any CPU
		{BB7E370B-D436-4FFF-9F6A-4880AD811C22}.Release|Any CPU.Build.0 = Release|Any CPU
		{F2744579-1650-4E50-B1C4-1498E9BE4C72}.Debug|Any CPU.ActiveCfg = Debug|Any CPU
		{F2744579-1650-4E50-B1C4-1498E9BE4C72}.Debug|Any CPU.Build.0 = Debug|Any CPU
		{F2744579-1650-4E50-B1C4-1498E9BE4C72}.Release|Any CPU.ActiveCfg = Release|Any CPU
		{F2744579-1650-4E50-B1C4-1498E9BE4C72}.Release|Any CPU.Build.0 = Release|Any CPU
		{6F55F7AF-01BC-4B04-AAEB-F3DADE7E0B84}.Debug|Any CPU.ActiveCfg = Debug|Any CPU
		{6F55F7AF-01BC-4B04-AAEB-F3DADE7E0B84}.Debug|Any CPU.Build.0 = Debug|Any CPU
		{6F55F7AF-01BC-4B04-AAEB-F3DADE7E0B84}.Release|Any CPU.ActiveCfg = Release|Any CPU
		{6F55F7AF-01BC-4B04-AAEB-F3DADE7E0B84}.Release|Any CPU.Build.0 = Release|Any CPU
		{39435C3E-4FE3-45AB-8943-D85DA4833C55}.Debug|Any CPU.ActiveCfg = Debug|Any CPU
		{39435C3E-4FE3-45AB-8943-D85DA4833C55}.Debug|Any CPU.Build.0 = Debug|Any CPU
		{39435C3E-4FE3-45AB-8943-D85DA4833C55}.Release|Any CPU.ActiveCfg = Release|Any CPU
		{39435C3E-4FE3-45AB-8943-D85DA4833C55}.Release|Any CPU.Build.0 = Release|Any CPU
		{D02D629D-25D1-48DB-9EE1-942081E3F142}.Debug|Any CPU.ActiveCfg = Debug|Any CPU
		{D02D629D-25D1-48DB-9EE1-942081E3F142}.Debug|Any CPU.Build.0 = Debug|Any CPU
		{D02D629D-25D1-48DB-9EE1-942081E3F142}.Release|Any CPU.ActiveCfg = Release|Any CPU
		{D02D629D-25D1-48DB-9EE1-942081E3F142}.Release|Any CPU.Build.0 = Release|Any CPU
		{AFC43C7B-603B-4A4C-AC14-863B79E61EE2}.Debug|Any CPU.ActiveCfg = Debug|Any CPU
		{AFC43C7B-603B-4A4C-AC14-863B79E61EE2}.Debug|Any CPU.Build.0 = Debug|Any CPU
		{AFC43C7B-603B-4A4C-AC14-863B79E61EE2}.Release|Any CPU.ActiveCfg = Release|Any CPU
		{AFC43C7B-603B-4A4C-AC14-863B79E61EE2}.Release|Any CPU.Build.0 = Release|Any CPU
		{09FC465C-5758-46BA-992C-4C91DBF524B2}.Debug|Any CPU.ActiveCfg = Debug|Any CPU
		{09FC465C-5758-46BA-992C-4C91DBF524B2}.Debug|Any CPU.Build.0 = Debug|Any CPU
		{09FC465C-5758-46BA-992C-4C91DBF524B2}.Release|Any CPU.ActiveCfg = Release|Any CPU
		{09FC465C-5758-46BA-992C-4C91DBF524B2}.Release|Any CPU.Build.0 = Release|Any CPU
		{325822CC-79AF-46F6-8D17-45E7E72DAAB6}.Debug|Any CPU.ActiveCfg = Debug|Any CPU
		{325822CC-79AF-46F6-8D17-45E7E72DAAB6}.Debug|Any CPU.Build.0 = Debug|Any CPU
		{325822CC-79AF-46F6-8D17-45E7E72DAAB6}.Release|Any CPU.ActiveCfg = Release|Any CPU
		{325822CC-79AF-46F6-8D17-45E7E72DAAB6}.Release|Any CPU.Build.0 = Release|Any CPU
		{DFDFE91F-B9ED-4F7A-BD04-E32D3946D51A}.Debug|Any CPU.ActiveCfg = Debug|Any CPU
		{DFDFE91F-B9ED-4F7A-BD04-E32D3946D51A}.Debug|Any CPU.Build.0 = Debug|Any CPU
		{DFDFE91F-B9ED-4F7A-BD04-E32D3946D51A}.Release|Any CPU.ActiveCfg = Release|Any CPU
		{DFDFE91F-B9ED-4F7A-BD04-E32D3946D51A}.Release|Any CPU.Build.0 = Release|Any CPU
		{47B2624C-F257-4A6B-B96E-86FED958BA11}.Debug|Any CPU.ActiveCfg = Debug|Any CPU
		{47B2624C-F257-4A6B-B96E-86FED958BA11}.Debug|Any CPU.Build.0 = Debug|Any CPU
		{47B2624C-F257-4A6B-B96E-86FED958BA11}.Release|Any CPU.ActiveCfg = Release|Any CPU
		{47B2624C-F257-4A6B-B96E-86FED958BA11}.Release|Any CPU.Build.0 = Release|Any CPU
		{07D2E3F7-5032-41DC-938E-0ABB1F3415B0}.Debug|Any CPU.ActiveCfg = Debug|Any CPU
		{07D2E3F7-5032-41DC-938E-0ABB1F3415B0}.Debug|Any CPU.Build.0 = Debug|Any CPU
		{07D2E3F7-5032-41DC-938E-0ABB1F3415B0}.Release|Any CPU.ActiveCfg = Release|Any CPU
		{07D2E3F7-5032-41DC-938E-0ABB1F3415B0}.Release|Any CPU.Build.0 = Release|Any CPU
		{50549EE8-8516-4C77-B586-60C1DD07B14F}.Debug|Any CPU.ActiveCfg = Debug|Any CPU
		{50549EE8-8516-4C77-B586-60C1DD07B14F}.Debug|Any CPU.Build.0 = Debug|Any CPU
		{50549EE8-8516-4C77-B586-60C1DD07B14F}.Release|Any CPU.ActiveCfg = Release|Any CPU
		{50549EE8-8516-4C77-B586-60C1DD07B14F}.Release|Any CPU.Build.0 = Release|Any CPU
		{67DE102E-1366-4B0E-832D-5DB1EC0FB116}.Debug|Any CPU.ActiveCfg = Debug|Any CPU
		{67DE102E-1366-4B0E-832D-5DB1EC0FB116}.Debug|Any CPU.Build.0 = Debug|Any CPU
		{67DE102E-1366-4B0E-832D-5DB1EC0FB116}.Release|Any CPU.ActiveCfg = Release|Any CPU
		{67DE102E-1366-4B0E-832D-5DB1EC0FB116}.Release|Any CPU.Build.0 = Release|Any CPU
		{9DA0DAB8-1BB5-45B6-959B-C39A4D8EBE33}.Debug|Any CPU.ActiveCfg = Debug|Any CPU
		{9DA0DAB8-1BB5-45B6-959B-C39A4D8EBE33}.Debug|Any CPU.Build.0 = Debug|Any CPU
		{9DA0DAB8-1BB5-45B6-959B-C39A4D8EBE33}.Release|Any CPU.ActiveCfg = Release|Any CPU
		{9DA0DAB8-1BB5-45B6-959B-C39A4D8EBE33}.Release|Any CPU.Build.0 = Release|Any CPU
		{E1318C0C-F543-479B-9B5A-FF2137867E29}.Debug|Any CPU.ActiveCfg = Debug|Any CPU
		{E1318C0C-F543-479B-9B5A-FF2137867E29}.Debug|Any CPU.Build.0 = Debug|Any CPU
		{E1318C0C-F543-479B-9B5A-FF2137867E29}.Release|Any CPU.ActiveCfg = Release|Any CPU
		{E1318C0C-F543-479B-9B5A-FF2137867E29}.Release|Any CPU.Build.0 = Release|Any CPU
		{BAE09740-4979-4CA4-8FB5-7ED43D6BA0BC}.Debug|Any CPU.ActiveCfg = Debug|Any CPU
		{BAE09740-4979-4CA4-8FB5-7ED43D6BA0BC}.Debug|Any CPU.Build.0 = Debug|Any CPU
		{BAE09740-4979-4CA4-8FB5-7ED43D6BA0BC}.Release|Any CPU.ActiveCfg = Release|Any CPU
		{BAE09740-4979-4CA4-8FB5-7ED43D6BA0BC}.Release|Any CPU.Build.0 = Release|Any CPU
		{0764EF3C-D5AB-4B45-BF07-021624EFD0D5}.Debug|Any CPU.ActiveCfg = Debug|Any CPU
		{0764EF3C-D5AB-4B45-BF07-021624EFD0D5}.Debug|Any CPU.Build.0 = Debug|Any CPU
		{0764EF3C-D5AB-4B45-BF07-021624EFD0D5}.Release|Any CPU.ActiveCfg = Release|Any CPU
		{0764EF3C-D5AB-4B45-BF07-021624EFD0D5}.Release|Any CPU.Build.0 = Release|Any CPU
		{6D16035B-3C13-4687-AE4F-36FB4182F0F7}.Debug|Any CPU.ActiveCfg = Debug|Any CPU
		{6D16035B-3C13-4687-AE4F-36FB4182F0F7}.Debug|Any CPU.Build.0 = Debug|Any CPU
		{6D16035B-3C13-4687-AE4F-36FB4182F0F7}.Release|Any CPU.ActiveCfg = Release|Any CPU
		{6D16035B-3C13-4687-AE4F-36FB4182F0F7}.Release|Any CPU.Build.0 = Release|Any CPU
		{C2A19F97-1BDF-4403-AF47-6274CD0F7E3E}.Debug|Any CPU.ActiveCfg = Debug|Any CPU
		{C2A19F97-1BDF-4403-AF47-6274CD0F7E3E}.Debug|Any CPU.Build.0 = Debug|Any CPU
		{C2A19F97-1BDF-4403-AF47-6274CD0F7E3E}.Release|Any CPU.ActiveCfg = Release|Any CPU
		{C2A19F97-1BDF-4403-AF47-6274CD0F7E3E}.Release|Any CPU.Build.0 = Release|Any CPU
		{C4AB65CA-3BAC-4145-BDF7-4D9EB4024847}.Debug|Any CPU.ActiveCfg = Debug|Any CPU
		{C4AB65CA-3BAC-4145-BDF7-4D9EB4024847}.Debug|Any CPU.Build.0 = Debug|Any CPU
		{C4AB65CA-3BAC-4145-BDF7-4D9EB4024847}.Release|Any CPU.ActiveCfg = Release|Any CPU
		{C4AB65CA-3BAC-4145-BDF7-4D9EB4024847}.Release|Any CPU.Build.0 = Release|Any CPU
	EndGlobalSection
	GlobalSection(SolutionProperties) = preSolution
		HideSolutionNode = FALSE
	EndGlobalSection
	GlobalSection(NestedProjects) = preSolution
		{8B8331A8-C730-41E0-A2A7-F4D097437828} = {8E47FEBD-244C-41C0-A903-73520B5BCB10}
		{BB7E370B-D436-4FFF-9F6A-4880AD811C22} = {8E47FEBD-244C-41C0-A903-73520B5BCB10}
		{B5E4E952-DBA8-4312-871C-4A31CD27B6C6} = {8E47FEBD-244C-41C0-A903-73520B5BCB10}
		{F2744579-1650-4E50-B1C4-1498E9BE4C72} = {B5E4E952-DBA8-4312-871C-4A31CD27B6C6}
		{6F55F7AF-01BC-4B04-AAEB-F3DADE7E0B84} = {B5E4E952-DBA8-4312-871C-4A31CD27B6C6}
		{39435C3E-4FE3-45AB-8943-D85DA4833C55} = {B5E4E952-DBA8-4312-871C-4A31CD27B6C6}
		{D02D629D-25D1-48DB-9EE1-942081E3F142} = {B5E4E952-DBA8-4312-871C-4A31CD27B6C6}
		{AFC43C7B-603B-4A4C-AC14-863B79E61EE2} = {8E47FEBD-244C-41C0-A903-73520B5BCB10}
		{09FC465C-5758-46BA-992C-4C91DBF524B2} = {8E47FEBD-244C-41C0-A903-73520B5BCB10}
		{325822CC-79AF-46F6-8D17-45E7E72DAAB6} = {8E47FEBD-244C-41C0-A903-73520B5BCB10}
		{DFDFE91F-B9ED-4F7A-BD04-E32D3946D51A} = {B5E4E952-DBA8-4312-871C-4A31CD27B6C6}
		{47B2624C-F257-4A6B-B96E-86FED958BA11} = {8E47FEBD-244C-41C0-A903-73520B5BCB10}
		{07D2E3F7-5032-41DC-938E-0ABB1F3415B0} = {8E47FEBD-244C-41C0-A903-73520B5BCB10}
		{50549EE8-8516-4C77-B586-60C1DD07B14F} = {8E47FEBD-244C-41C0-A903-73520B5BCB10}
		{59C0AC13-706A-49D6-8FD6-DC5F975070FF} = {8E47FEBD-244C-41C0-A903-73520B5BCB10}
		{67DE102E-1366-4B0E-832D-5DB1EC0FB116} = {59C0AC13-706A-49D6-8FD6-DC5F975070FF}
		{9DA0DAB8-1BB5-45B6-959B-C39A4D8EBE33} = {59C0AC13-706A-49D6-8FD6-DC5F975070FF}
		{E1318C0C-F543-479B-9B5A-FF2137867E29} = {59C0AC13-706A-49D6-8FD6-DC5F975070FF}
		{BAE09740-4979-4CA4-8FB5-7ED43D6BA0BC} = {59C0AC13-706A-49D6-8FD6-DC5F975070FF}
		{A5E529AF-8D91-4828-891C-B087B8DFEFEC} = {8E47FEBD-244C-41C0-A903-73520B5BCB10}
		{0764EF3C-D5AB-4B45-BF07-021624EFD0D5} = {A5E529AF-8D91-4828-891C-B087B8DFEFEC}
		{6D16035B-3C13-4687-AE4F-36FB4182F0F7} = {8E47FEBD-244C-41C0-A903-73520B5BCB10}
		{C2A19F97-1BDF-4403-AF47-6274CD0F7E3E} = {8E47FEBD-244C-41C0-A903-73520B5BCB10}
		{C4AB65CA-3BAC-4145-BDF7-4D9EB4024847} = {8E47FEBD-244C-41C0-A903-73520B5BCB10}
	EndGlobalSection
EndGlobal
