
Microsoft Visual Studio Solution File, Format Version 12.00
# Visual Studio Version 17
VisualStudioVersion = 17.0.31903.59
MinimumVisualStudioVersion = 10.0.40219.1
Project("{2150E333-8FDC-42A3-9474-1A3956D46DE8}") = "src", "src", "{8E47FEBD-244C-41C0-A903-73520B5BCB10}"
EndProject
Project("{FAE04EC0-301F-11D3-BF4B-00C04F79EFBC}") = "AppHost", "src\AppHost\AppHost.csproj", "{8B8331A8-C730-41E0-A2A7-F4D097437828}"
EndProject
Project("{FAE04EC0-301F-11D3-BF4B-00C04F79EFBC}") = "ServiceDefaults", "src\ServiceDefaults\ServiceDefaults.csproj", "{BB7E370B-D436-4FFF-9F6A-4880AD811C22}"
EndProject
Project("{2150E333-8FDC-42A3-9474-1A3956D46DE8}") = "Product", "Product", "{B5E4E952-DBA8-4312-871C-4A31CD27B6C6}"
EndProject
Project("{FAE04EC0-301F-11D3-BF4B-00C04F79EFBC}") = "Product.Api", "src\Product\Api\Product.Api.csproj", "{F2744579-1650-4E50-B1C4-1498E9BE4C72}"
EndProject
Project("{FAE04EC0-301F-11D3-BF4B-00C04F79EFBC}") = "Application", "src\Product\Application\Application.csproj", "{6F55F7AF-01BC-4B04-AAEB-F3DADE7E0B84}"
EndProject
Project("{FAE04EC0-301F-11D3-BF4B-00C04F79EFBC}") = "Domain", "src\Product\Domain\Domain.csproj", "{39435C3E-4FE3-45AB-8943-D85DA4833C55}"
EndProject
Project("{FAE04EC0-301F-11D3-BF4B-00C04F79EFBC}") = "Infrastructure", "src\Product\Infrastructure\Infrastructure.csproj", "{D02D629D-25D1-48DB-9EE1-942081E3F142}"
EndProject
Project("{FAE04EC0-301F-11D3-BF4B-00C04F79EFBC}") = "AppHost.Shared", "src\AppHost.Shared\AppHost.Shared.csproj", "{AFC43C7B-603B-4A4C-AC14-863B79E61EE2}"
EndProject
Project("{FAE04EC0-301F-11D3-BF4B-00C04F79EFBC}") = "Domain.Shared", "src\Domain.Shared\Domain.Shared.csproj", "{09FC465C-5758-46BA-992C-4C91DBF524B2}"
EndProject
Project("{FAE04EC0-301F-11D3-BF4B-00C04F79EFBC}") = "MigrationService", "src\MigrationService\MigrationService.csproj", "{325822CC-79AF-46F6-8D17-45E7E72DAAB6}"
EndProject
Project("{FAE04EC0-301F-11D3-BF4B-00C04F79EFBC}") = "Constract", "src\Product\Constract\Constract.csproj", "{DFDFE91F-B9ED-4F7A-BD04-E32D3946D51A}"
EndProject
Project("{FAE04EC0-301F-11D3-BF4B-00C04F79EFBC}") = "BackupService", "src\BackupService\BackupService.csproj", "{B39B3F21-277C-40E1-91EE-25A056C05D0A}"
EndProject
Project("{FAE04EC0-301F-11D3-BF4B-00C04F79EFBC}") = "ApiGateway", "src\ApiGateway\ApiGateway.csproj", "{D26CD6AC-150A-4ECA-A15B-CBD9B9C36159}"
EndProject
Project("{FAE04EC0-301F-11D3-BF4B-00C04F79EFBC}") = "WebhookService", "src\WebhookService\WebhookService.csproj", "{9ADE147F-0231-446E-8BD9-D0A8C1FBCF52}"
EndProject
Project("{FAE04EC0-301F-11D3-BF4B-00C04F79EFBC}") = "UserService", "src\UserService\UserService.csproj", "{A0C6CEC1-0F07-4E08-9ED3-EEC3C9906C35}"
EndProject
Project("{FAE04EC0-301F-11D3-BF4B-00C04F79EFBC}") = "RabbitMqService", "src\RabbitMqService\RabbitMqService.csproj", "{E8F6ADFE-661A-4440-B93E-45739BA7FC7E}"
EndProject
Project("{FAE04EC0-301F-11D3-BF4B-00C04F79EFBC}") = "PaymentService", "src\PaymentService\PaymentService.csproj", "{BE694BA6-D17F-4B47-8F9B-0B58E8C961F5}"
EndProject
Project("{FAE04EC0-301F-11D3-BF4B-00C04F79EFBC}") = "OrderService", "src\OrderService\OrderService.csproj", "{37A2FAD6-46A2-4406-AE14-C3576AB2D942}"
EndProject
Project("{FAE04EC0-301F-11D3-BF4B-00C04F79EFBC}") = "NotificationService", "src\NotificationService\NotificationService.csproj", "{1A73C57B-48D1-49F3-8B7C-0EAA5928E5D6}"
EndProject
Project("{FAE04EC0-301F-11D3-BF4B-00C04F79EFBC}") = "MerchantService", "src\MerchantService\MerchantService.csproj", "{978FCBE3-8F25-40F7-9778-EA266CA9D22B}"
EndProject
Project("{FAE04EC0-301F-11D3-BF4B-00C04F79EFBC}") = "MediaService", "src\MediaService\MediaService.csproj", "{295EBE64-4F6F-4422-A707-EF14692E9923}"
EndProject
Project("{FAE04EC0-301F-11D3-BF4B-00C04F79EFBC}") = "CustomerService", "src\Customer\CustomerService\CustomerService.csproj", "{90B821B1-8ADC-4BC6-93FD-4A59B0AD925B}"
EndProject
Project("{FAE04EC0-301F-11D3-BF4B-00C04F79EFBC}") = "CartService", "src\CartService\CartService.csproj", "{859105C6-243C-4E99-A440-FF85D12FF18B}"
EndProject
Project("{FAE04EC0-301F-11D3-BF4B-00C04F79EFBC}") = "Clients.Shared", "src\Clients.Shared\Clients.Shared.csproj", "{B0DD4F57-3907-4092-AD81-F24A6F02CF54}"
EndProject
Global
	GlobalSection(SolutionConfigurationPlatforms) = preSolution
		Debug|Any CPU = Debug|Any CPU
		Release|Any CPU = Release|Any CPU
	EndGlobalSection
	GlobalSection(ProjectConfigurationPlatforms) = postSolution
		{8B8331A8-C730-41E0-A2A7-F4D097437828}.Debug|Any CPU.ActiveCfg = Debug|Any CPU
		{8B8331A8-C730-41E0-A2A7-F4D097437828}.Debug|Any CPU.Build.0 = Debug|Any CPU
		{8B8331A8-C730-41E0-A2A7-F4D097437828}.Release|Any CPU.ActiveCfg = Release|Any CPU
		{8B8331A8-C730-41E0-A2A7-F4D097437828}.Release|Any CPU.Build.0 = Release|Any CPU
		{BB7E370B-D436-4FFF-9F6A-4880AD811C22}.Debug|Any CPU.ActiveCfg = Debug|Any CPU
		{BB7E370B-D436-4FFF-9F6A-4880AD811C22}.Debug|Any CPU.Build.0 = Debug|Any CPU
		{BB7E370B-D436-4FFF-9F6A-4880AD811C22}.Release|Any CPU.ActiveCfg = Release|Any CPU
		{BB7E370B-D436-4FFF-9F6A-4880AD811C22}.Release|Any CPU.Build.0 = Release|Any CPU
		{F2744579-1650-4E50-B1C4-1498E9BE4C72}.Debug|Any CPU.ActiveCfg = Debug|Any CPU
		{F2744579-1650-4E50-B1C4-1498E9BE4C72}.Debug|Any CPU.Build.0 = Debug|Any CPU
		{F2744579-1650-4E50-B1C4-1498E9BE4C72}.Release|Any CPU.ActiveCfg = Release|Any CPU
		{F2744579-1650-4E50-B1C4-1498E9BE4C72}.Release|Any CPU.Build.0 = Release|Any CPU
		{6F55F7AF-01BC-4B04-AAEB-F3DADE7E0B84}.Debug|Any CPU.ActiveCfg = Debug|Any CPU
		{6F55F7AF-01BC-4B04-AAEB-F3DADE7E0B84}.Debug|Any CPU.Build.0 = Debug|Any CPU
		{6F55F7AF-01BC-4B04-AAEB-F3DADE7E0B84}.Release|Any CPU.ActiveCfg = Release|Any CPU
		{6F55F7AF-01BC-4B04-AAEB-F3DADE7E0B84}.Release|Any CPU.Build.0 = Release|Any CPU
		{39435C3E-4FE3-45AB-8943-D85DA4833C55}.Debug|Any CPU.ActiveCfg = Debug|Any CPU
		{39435C3E-4FE3-45AB-8943-D85DA4833C55}.Debug|Any CPU.Build.0 = Debug|Any CPU
		{39435C3E-4FE3-45AB-8943-D85DA4833C55}.Release|Any CPU.ActiveCfg = Release|Any CPU
		{39435C3E-4FE3-45AB-8943-D85DA4833C55}.Release|Any CPU.Build.0 = Release|Any CPU
		{D02D629D-25D1-48DB-9EE1-942081E3F142}.Debug|Any CPU.ActiveCfg = Debug|Any CPU
		{D02D629D-25D1-48DB-9EE1-942081E3F142}.Debug|Any CPU.Build.0 = Debug|Any CPU
		{D02D629D-25D1-48DB-9EE1-942081E3F142}.Release|Any CPU.ActiveCfg = Release|Any CPU
		{D02D629D-25D1-48DB-9EE1-942081E3F142}.Release|Any CPU.Build.0 = Release|Any CPU
		{AFC43C7B-603B-4A4C-AC14-863B79E61EE2}.Debug|Any CPU.ActiveCfg = Debug|Any CPU
		{AFC43C7B-603B-4A4C-AC14-863B79E61EE2}.Debug|Any CPU.Build.0 = Debug|Any CPU
		{AFC43C7B-603B-4A4C-AC14-863B79E61EE2}.Release|Any CPU.ActiveCfg = Release|Any CPU
		{AFC43C7B-603B-4A4C-AC14-863B79E61EE2}.Release|Any CPU.Build.0 = Release|Any CPU
		{09FC465C-5758-46BA-992C-4C91DBF524B2}.Debug|Any CPU.ActiveCfg = Debug|Any CPU
		{09FC465C-5758-46BA-992C-4C91DBF524B2}.Debug|Any CPU.Build.0 = Debug|Any CPU
		{09FC465C-5758-46BA-992C-4C91DBF524B2}.Release|Any CPU.ActiveCfg = Release|Any CPU
		{09FC465C-5758-46BA-992C-4C91DBF524B2}.Release|Any CPU.Build.0 = Release|Any CPU
		{325822CC-79AF-46F6-8D17-45E7E72DAAB6}.Debug|Any CPU.ActiveCfg = Debug|Any CPU
		{325822CC-79AF-46F6-8D17-45E7E72DAAB6}.Debug|Any CPU.Build.0 = Debug|Any CPU
		{325822CC-79AF-46F6-8D17-45E7E72DAAB6}.Release|Any CPU.ActiveCfg = Release|Any CPU
		{325822CC-79AF-46F6-8D17-45E7E72DAAB6}.Release|Any CPU.Build.0 = Release|Any CPU
		{DFDFE91F-B9ED-4F7A-BD04-E32D3946D51A}.Debug|Any CPU.ActiveCfg = Debug|Any CPU
		{DFDFE91F-B9ED-4F7A-BD04-E32D3946D51A}.Debug|Any CPU.Build.0 = Debug|Any CPU
		{DFDFE91F-B9ED-4F7A-BD04-E32D3946D51A}.Release|Any CPU.ActiveCfg = Release|Any CPU
		{DFDFE91F-B9ED-4F7A-BD04-E32D3946D51A}.Release|Any CPU.Build.0 = Release|Any CPU
		{B39B3F21-277C-40E1-91EE-25A056C05D0A}.Debug|Any CPU.ActiveCfg = Debug|Any CPU
		{B39B3F21-277C-40E1-91EE-25A056C05D0A}.Debug|Any CPU.Build.0 = Debug|Any CPU
		{B39B3F21-277C-40E1-91EE-25A056C05D0A}.Release|Any CPU.ActiveCfg = Release|Any CPU
		{B39B3F21-277C-40E1-91EE-25A056C05D0A}.Release|Any CPU.Build.0 = Release|Any CPU
		{D26CD6AC-150A-4ECA-A15B-CBD9B9C36159}.Debug|Any CPU.ActiveCfg = Debug|Any CPU
		{D26CD6AC-150A-4ECA-A15B-CBD9B9C36159}.Debug|Any CPU.Build.0 = Debug|Any CPU
		{D26CD6AC-150A-4ECA-A15B-CBD9B9C36159}.Release|Any CPU.ActiveCfg = Release|Any CPU
		{D26CD6AC-150A-4ECA-A15B-CBD9B9C36159}.Release|Any CPU.Build.0 = Release|Any CPU
		{9ADE147F-0231-446E-8BD9-D0A8C1FBCF52}.Debug|Any CPU.ActiveCfg = Debug|Any CPU
		{9ADE147F-0231-446E-8BD9-D0A8C1FBCF52}.Debug|Any CPU.Build.0 = Debug|Any CPU
		{9ADE147F-0231-446E-8BD9-D0A8C1FBCF52}.Release|Any CPU.ActiveCfg = Release|Any CPU
		{9ADE147F-0231-446E-8BD9-D0A8C1FBCF52}.Release|Any CPU.Build.0 = Release|Any CPU
		{A0C6CEC1-0F07-4E08-9ED3-EEC3C9906C35}.Debug|Any CPU.ActiveCfg = Debug|Any CPU
		{A0C6CEC1-0F07-4E08-9ED3-EEC3C9906C35}.Debug|Any CPU.Build.0 = Debug|Any CPU
		{A0C6CEC1-0F07-4E08-9ED3-EEC3C9906C35}.Release|Any CPU.ActiveCfg = Release|Any CPU
		{A0C6CEC1-0F07-4E08-9ED3-EEC3C9906C35}.Release|Any CPU.Build.0 = Release|Any CPU
		{E8F6ADFE-661A-4440-B93E-45739BA7FC7E}.Debug|Any CPU.ActiveCfg = Debug|Any CPU
		{E8F6ADFE-661A-4440-B93E-45739BA7FC7E}.Debug|Any CPU.Build.0 = Debug|Any CPU
		{E8F6ADFE-661A-4440-B93E-45739BA7FC7E}.Release|Any CPU.ActiveCfg = Release|Any CPU
		{E8F6ADFE-661A-4440-B93E-45739BA7FC7E}.Release|Any CPU.Build.0 = Release|Any CPU
		{BE694BA6-D17F-4B47-8F9B-0B58E8C961F5}.Debug|Any CPU.ActiveCfg = Debug|Any CPU
		{BE694BA6-D17F-4B47-8F9B-0B58E8C961F5}.Debug|Any CPU.Build.0 = Debug|Any CPU
		{BE694BA6-D17F-4B47-8F9B-0B58E8C961F5}.Release|Any CPU.ActiveCfg = Release|Any CPU
		{BE694BA6-D17F-4B47-8F9B-0B58E8C961F5}.Release|Any CPU.Build.0 = Release|Any CPU
		{37A2FAD6-46A2-4406-AE14-C3576AB2D942}.Debug|Any CPU.ActiveCfg = Debug|Any CPU
		{37A2FAD6-46A2-4406-AE14-C3576AB2D942}.Debug|Any CPU.Build.0 = Debug|Any CPU
		{37A2FAD6-46A2-4406-AE14-C3576AB2D942}.Release|Any CPU.ActiveCfg = Release|Any CPU
		{37A2FAD6-46A2-4406-AE14-C3576AB2D942}.Release|Any CPU.Build.0 = Release|Any CPU
		{1A73C57B-48D1-49F3-8B7C-0EAA5928E5D6}.Debug|Any CPU.ActiveCfg = Debug|Any CPU
		{1A73C57B-48D1-49F3-8B7C-0EAA5928E5D6}.Debug|Any CPU.Build.0 = Debug|Any CPU
		{1A73C57B-48D1-49F3-8B7C-0EAA5928E5D6}.Release|Any CPU.ActiveCfg = Release|Any CPU
		{1A73C57B-48D1-49F3-8B7C-0EAA5928E5D6}.Release|Any CPU.Build.0 = Release|Any CPU
		{978FCBE3-8F25-40F7-9778-EA266CA9D22B}.Debug|Any CPU.ActiveCfg = Debug|Any CPU
		{978FCBE3-8F25-40F7-9778-EA266CA9D22B}.Debug|Any CPU.Build.0 = Debug|Any CPU
		{978FCBE3-8F25-40F7-9778-EA266CA9D22B}.Release|Any CPU.ActiveCfg = Release|Any CPU
		{978FCBE3-8F25-40F7-9778-EA266CA9D22B}.Release|Any CPU.Build.0 = Release|Any CPU
		{295EBE64-4F6F-4422-A707-EF14692E9923}.Debug|Any CPU.ActiveCfg = Debug|Any CPU
		{295EBE64-4F6F-4422-A707-EF14692E9923}.Debug|Any CPU.Build.0 = Debug|Any CPU
		{295EBE64-4F6F-4422-A707-EF14692E9923}.Release|Any CPU.ActiveCfg = Release|Any CPU
		{295EBE64-4F6F-4422-A707-EF14692E9923}.Release|Any CPU.Build.0 = Release|Any CPU
		{90B821B1-8ADC-4BC6-93FD-4A59B0AD925B}.Debug|Any CPU.ActiveCfg = Debug|Any CPU
		{90B821B1-8ADC-4BC6-93FD-4A59B0AD925B}.Debug|Any CPU.Build.0 = Debug|Any CPU
		{90B821B1-8ADC-4BC6-93FD-4A59B0AD925B}.Release|Any CPU.ActiveCfg = Release|Any CPU
		{90B821B1-8ADC-4BC6-93FD-4A59B0AD925B}.Release|Any CPU.Build.0 = Release|Any CPU
		{859105C6-243C-4E99-A440-FF85D12FF18B}.Debug|Any CPU.ActiveCfg = Debug|Any CPU
		{859105C6-243C-4E99-A440-FF85D12FF18B}.Debug|Any CPU.Build.0 = Debug|Any CPU
		{859105C6-243C-4E99-A440-FF85D12FF18B}.Release|Any CPU.ActiveCfg = Release|Any CPU
		{859105C6-243C-4E99-A440-FF85D12FF18B}.Release|Any CPU.Build.0 = Release|Any CPU
		{B0DD4F57-3907-4092-AD81-F24A6F02CF54}.Debug|Any CPU.ActiveCfg = Debug|Any CPU
		{B0DD4F57-3907-4092-AD81-F24A6F02CF54}.Debug|Any CPU.Build.0 = Debug|Any CPU
		{B0DD4F57-3907-4092-AD81-F24A6F02CF54}.Release|Any CPU.ActiveCfg = Release|Any CPU
		{B0DD4F57-3907-4092-AD81-F24A6F02CF54}.Release|Any CPU.Build.0 = Release|Any CPU
	EndGlobalSection
	GlobalSection(SolutionProperties) = preSolution
		HideSolutionNode = FALSE
	EndGlobalSection
	GlobalSection(NestedProjects) = preSolution
		{8B8331A8-C730-41E0-A2A7-F4D097437828} = {8E47FEBD-244C-41C0-A903-73520B5BCB10}
		{BB7E370B-D436-4FFF-9F6A-4880AD811C22} = {8E47FEBD-244C-41C0-A903-73520B5BCB10}
		{B5E4E952-DBA8-4312-871C-4A31CD27B6C6} = {8E47FEBD-244C-41C0-A903-73520B5BCB10}
		{F2744579-1650-4E50-B1C4-1498E9BE4C72} = {B5E4E952-DBA8-4312-871C-4A31CD27B6C6}
		{6F55F7AF-01BC-4B04-AAEB-F3DADE7E0B84} = {B5E4E952-DBA8-4312-871C-4A31CD27B6C6}
		{39435C3E-4FE3-45AB-8943-D85DA4833C55} = {B5E4E952-DBA8-4312-871C-4A31CD27B6C6}
		{D02D629D-25D1-48DB-9EE1-942081E3F142} = {B5E4E952-DBA8-4312-871C-4A31CD27B6C6}
		{AFC43C7B-603B-4A4C-AC14-863B79E61EE2} = {8E47FEBD-244C-41C0-A903-73520B5BCB10}
		{09FC465C-5758-46BA-992C-4C91DBF524B2} = {8E47FEBD-244C-41C0-A903-73520B5BCB10}
		{325822CC-79AF-46F6-8D17-45E7E72DAAB6} = {8E47FEBD-244C-41C0-A903-73520B5BCB10}
		{DFDFE91F-B9ED-4F7A-BD04-E32D3946D51A} = {B5E4E952-DBA8-4312-871C-4A31CD27B6C6}
		{B39B3F21-277C-40E1-91EE-25A056C05D0A} = {8E47FEBD-244C-41C0-A903-73520B5BCB10}
		{D26CD6AC-150A-4ECA-A15B-CBD9B9C36159} = {8E47FEBD-244C-41C0-A903-73520B5BCB10}
		{9ADE147F-0231-446E-8BD9-D0A8C1FBCF52} = {8E47FEBD-244C-41C0-A903-73520B5BCB10}
		{A0C6CEC1-0F07-4E08-9ED3-EEC3C9906C35} = {8E47FEBD-244C-41C0-A903-73520B5BCB10}
		{E8F6ADFE-661A-4440-B93E-45739BA7FC7E} = {8E47FEBD-244C-41C0-A903-73520B5BCB10}
		{BE694BA6-D17F-4B47-8F9B-0B58E8C961F5} = {8E47FEBD-244C-41C0-A903-73520B5BCB10}
		{37A2FAD6-46A2-4406-AE14-C3576AB2D942} = {8E47FEBD-244C-41C0-A903-73520B5BCB10}
		{1A73C57B-48D1-49F3-8B7C-0EAA5928E5D6} = {8E47FEBD-244C-41C0-A903-73520B5BCB10}
		{978FCBE3-8F25-40F7-9778-EA266CA9D22B} = {8E47FEBD-244C-41C0-A903-73520B5BCB10}
		{295EBE64-4F6F-4422-A707-EF14692E9923} = {8E47FEBD-244C-41C0-A903-73520B5BCB10}
		{90B821B1-8ADC-4BC6-93FD-4A59B0AD925B} = {8E47FEBD-244C-41C0-A903-73520B5BCB10}
		{859105C6-243C-4E99-A440-FF85D12FF18B} = {8E47FEBD-244C-41C0-A903-73520B5BCB10}
		{B0DD4F57-3907-4092-AD81-F24A6F02CF54} = {8E47FEBD-244C-41C0-A903-73520B5BCB10}
	EndGlobalSection
EndGlobal
